
Microsoft Visual Studio Solution File, Format Version 12.00
# Visual Studio Version 16
VisualStudioVersion = 16.0.29920.165
MinimumVisualStudioVersion = 10.0.40219.1
Project("{FAE04EC0-301F-11D3-BF4B-00C04F79EFBC}") = "Caja", "Caja\Caja.csproj", "{A0202404-0892-4C1C-9A3A-7A3A0DB1C66B}"
EndProject
Global
	GlobalSection(SolutionConfigurationPlatforms) = preSolution
		Debug|Any CPU = Debug|Any CPU
		Release|Any CPU = Release|Any CPU
	EndGlobalSection
	GlobalSection(ProjectConfigurationPlatforms) = postSolution
		{A0202404-0892-4C1C-9A3A-7A3A0DB1C66B}.Debug|Any CPU.ActiveCfg = Debug|Any CPU
		{A0202404-0892-4C1C-9A3A-7A3A0DB1C66B}.Debug|Any CPU.Build.0 = Debug|Any CPU
		{A0202404-0892-4C1C-9A3A-7A3A0DB1C66B}.Release|Any CPU.ActiveCfg = Release|Any CPU
		{A0202404-0892-4C1C-9A3A-7A3A0DB1C66B}.Release|Any CPU.Build.0 = Release|Any CPU
	EndGlobalSection
	GlobalSection(SolutionProperties) = preSolution
		HideSolutionNode = FALSE
	EndGlobalSection
	GlobalSection(ExtensibilityGlobals) = postSolution
		SolutionGuid = {753E1E63-2889-477A-9244-B2FF0253AB4D}
	EndGlobalSection
EndGlobal
